<Solution>
  <Project Path="InventoryClient.Core/InventoryClient.Core.csproj" />
  <Project Path="InventoryClient.Tests/InventoryClient.Tests.csproj" />
  <Project Path="InventoryClient.UiTests/InventoryClient.UiTests.csproj" />
  <Project Path="InventoryClient/InventoryClient.csproj" />
</Solution>
